// !$*UTF8*$!
{
	archiveVersion = 1;
	classes = {
	};
	objectVersion = 46;
	objects = {

/* Begin PBXBuildFile section */
		1D3623260D0F684500981E51 /* WarcraftRealmStatusAppDelegate.m in Sources */ = {isa = PBXBuildFile; fileRef = 1D3623250D0F684500981E51 /* WarcraftRealmStatusAppDelegate.m */; };
		1D60589B0D05DD56006BFB54 /* main.m in Sources */ = {isa = PBXBuildFile; fileRef = 29B97316FDCFA39411CA2CEA /* main.m */; };
		1D60589F0D05DD5A006BFB54 /* Foundation.framework in Frameworks */ = {isa = PBXBuildFile; fileRef = 1D30AB110D05D00D00671497 /* Foundation.framework */; };
		1DF5F4E00D08C38300B7A737 /* UIKit.framework in Frameworks */ = {isa = PBXBuildFile; fileRef = 1DF5F4DF0D08C38300B7A737 /* UIKit.framework */; };
		288765FD0DF74451002DB57D /* CoreGraphics.framework in Frameworks */ = {isa = PBXBuildFile; fileRef = 288765FC0DF74451002DB57D /* CoreGraphics.framework */; };
		28AD733F0D9D9553002E5188 /* MainWindow.xib in Resources */ = {isa = PBXBuildFile; fileRef = 28AD733E0D9D9553002E5188 /* MainWindow.xib */; };
		EDCEC14713E1A93700391C14 /* NSObject+SBJSON.m in Sources */ = {isa = PBXBuildFile; fileRef = EDCEC13C13E1A93700391C14 /* NSObject+SBJSON.m */; };
		EDCEC14813E1A93700391C14 /* NSString+SBJSON.m in Sources */ = {isa = PBXBuildFile; fileRef = EDCEC13E13E1A93700391C14 /* NSString+SBJSON.m */; };
		EDCEC14913E1A93700391C14 /* SBJSON.m in Sources */ = {isa = PBXBuildFile; fileRef = EDCEC14013E1A93700391C14 /* SBJSON.m */; };
		EDCEC14A13E1A93700391C14 /* SBJsonBase.m in Sources */ = {isa = PBXBuildFile; fileRef = EDCEC14213E1A93700391C14 /* SBJsonBase.m */; };
		EDCEC14B13E1A93700391C14 /* SBJsonParser.m in Sources */ = {isa = PBXBuildFile; fileRef = EDCEC14413E1A93700391C14 /* SBJsonParser.m */; };
		EDCEC14C13E1A93700391C14 /* SBJsonWriter.m in Sources */ = {isa = PBXBuildFile; fileRef = EDCEC14613E1A93700391C14 /* SBJsonWriter.m */; };
		EDCEC15113E1A96300391C14 /* RealmViewController.m in Sources */ = {isa = PBXBuildFile; fileRef = EDCEC14F13E1A96300391C14 /* RealmViewController.m */; };
		EDCEC15213E1A96300391C14 /* RealmViewController.xib in Resources */ = {isa = PBXBuildFile; fileRef = EDCEC15013E1A96300391C14 /* RealmViewController.xib */; };
		EDCEC21113E1F22100391C14 /* RealmViewControllerDelegate.m in Sources */ = {isa = PBXBuildFile; fileRef = EDCEC21013E1F22100391C14 /* RealmViewControllerDelegate.m */; };
		EDCEC21613E1F25E00391C14 /* RealmViewControllerDataSource.m in Sources */ = {isa = PBXBuildFile; fileRef = EDCEC21513E1F25E00391C14 /* RealmViewControllerDataSource.m */; };
/* End PBXBuildFile section */

/* Begin PBXFileReference section */
		1D30AB110D05D00D00671497 /* Foundation.framework */ = {isa = PBXFileReference; lastKnownFileType = wrapper.framework; name = Foundation.framework; path = System/Library/Frameworks/Foundation.framework; sourceTree = SDKROOT; };
		1D3623240D0F684500981E51 /* WarcraftRealmStatusAppDelegate.h */ = {isa = PBXFileReference; fileEncoding = 4; lastKnownFileType = sourcecode.c.h; path = WarcraftRealmStatusAppDelegate.h; sourceTree = "<group>"; };
		1D3623250D0F684500981E51 /* WarcraftRealmStatusAppDelegate.m */ = {isa = PBXFileReference; fileEncoding = 4; lastKnownFileType = sourcecode.c.objc; path = WarcraftRealmStatusAppDelegate.m; sourceTree = "<group>"; };
		1D6058910D05DD3D006BFB54 /* WarcraftRealmStatus.app */ = {isa = PBXFileReference; explicitFileType = wrapper.application; includeInIndex = 0; path = WarcraftRealmStatus.app; sourceTree = BUILT_PRODUCTS_DIR; };
		1DF5F4DF0D08C38300B7A737 /* UIKit.framework */ = {isa = PBXFileReference; lastKnownFileType = wrapper.framework; name = UIKit.framework; path = System/Library/Frameworks/UIKit.framework; sourceTree = SDKROOT; };
		288765FC0DF74451002DB57D /* CoreGraphics.framework */ = {isa = PBXFileReference; lastKnownFileType = wrapper.framework; name = CoreGraphics.framework; path = System/Library/Frameworks/CoreGraphics.framework; sourceTree = SDKROOT; };
		28AD733E0D9D9553002E5188 /* MainWindow.xib */ = {isa = PBXFileReference; lastKnownFileType = file.xib; path = MainWindow.xib; sourceTree = "<group>"; };
		29B97316FDCFA39411CA2CEA /* main.m */ = {isa = PBXFileReference; fileEncoding = 4; lastKnownFileType = sourcecode.c.objc; path = main.m; sourceTree = "<group>"; };
		32CA4F630368D1EE00C91783 /* WarcraftRealmStatus_Prefix.pch */ = {isa = PBXFileReference; fileEncoding = 4; lastKnownFileType = sourcecode.c.h; path = WarcraftRealmStatus_Prefix.pch; sourceTree = "<group>"; };
		8D1107310486CEB800E47090 /* WarcraftRealmStatus-Info.plist */ = {isa = PBXFileReference; fileEncoding = 4; lastKnownFileType = text.plist.xml; path = "WarcraftRealmStatus-Info.plist"; plistStructureDefinitionIdentifier = "com.apple.xcode.plist.structure-definition.iphone.info-plist"; sourceTree = "<group>"; };
		EDCEC13A13E1A93700391C14 /* JSON.h */ = {isa = PBXFileReference; fileEncoding = 4; lastKnownFileType = sourcecode.c.h; path = JSON.h; sourceTree = "<group>"; };
		EDCEC13B13E1A93700391C14 /* NSObject+SBJSON.h */ = {isa = PBXFileReference; fileEncoding = 4; lastKnownFileType = sourcecode.c.h; path = "NSObject+SBJSON.h"; sourceTree = "<group>"; };
		EDCEC13C13E1A93700391C14 /* NSObject+SBJSON.m */ = {isa = PBXFileReference; fileEncoding = 4; lastKnownFileType = sourcecode.c.objc; path = "NSObject+SBJSON.m"; sourceTree = "<group>"; };
		EDCEC13D13E1A93700391C14 /* NSString+SBJSON.h */ = {isa = PBXFileReference; fileEncoding = 4; lastKnownFileType = sourcecode.c.h; path = "NSString+SBJSON.h"; sourceTree = "<group>"; };
		EDCEC13E13E1A93700391C14 /* NSString+SBJSON.m */ = {isa = PBXFileReference; fileEncoding = 4; lastKnownFileType = sourcecode.c.objc; path = "NSString+SBJSON.m"; sourceTree = "<group>"; };
		EDCEC13F13E1A93700391C14 /* SBJSON.h */ = {isa = PBXFileReference; fileEncoding = 4; lastKnownFileType = sourcecode.c.h; path = SBJSON.h; sourceTree = "<group>"; };
		EDCEC14013E1A93700391C14 /* SBJSON.m */ = {isa = PBXFileReference; fileEncoding = 4; lastKnownFileType = sourcecode.c.objc; path = SBJSON.m; sourceTree = "<group>"; };
		EDCEC14113E1A93700391C14 /* SBJsonBase.h */ = {isa = PBXFileReference; fileEncoding = 4; lastKnownFileType = sourcecode.c.h; path = SBJsonBase.h; sourceTree = "<group>"; };
		EDCEC14213E1A93700391C14 /* SBJsonBase.m */ = {isa = PBXFileReference; fileEncoding = 4; lastKnownFileType = sourcecode.c.objc; path = SBJsonBase.m; sourceTree = "<group>"; };
		EDCEC14313E1A93700391C14 /* SBJsonParser.h */ = {isa = PBXFileReference; fileEncoding = 4; lastKnownFileType = sourcecode.c.h; path = SBJsonParser.h; sourceTree = "<group>"; };
		EDCEC14413E1A93700391C14 /* SBJsonParser.m */ = {isa = PBXFileReference; fileEncoding = 4; lastKnownFileType = sourcecode.c.objc; path = SBJsonParser.m; sourceTree = "<group>"; };
		EDCEC14513E1A93700391C14 /* SBJsonWriter.h */ = {isa = PBXFileReference; fileEncoding = 4; lastKnownFileType = sourcecode.c.h; path = SBJsonWriter.h; sourceTree = "<group>"; };
		EDCEC14613E1A93700391C14 /* SBJsonWriter.m */ = {isa = PBXFileReference; fileEncoding = 4; lastKnownFileType = sourcecode.c.objc; path = SBJsonWriter.m; sourceTree = "<group>"; };
		EDCEC14E13E1A96300391C14 /* RealmViewController.h */ = {isa = PBXFileReference; fileEncoding = 4; lastKnownFileType = sourcecode.c.h; path = RealmViewController.h; sourceTree = "<group>"; };
		EDCEC14F13E1A96300391C14 /* RealmViewController.m */ = {isa = PBXFileReference; fileEncoding = 4; lastKnownFileType = sourcecode.c.objc; path = RealmViewController.m; sourceTree = "<group>"; };
		EDCEC15013E1A96300391C14 /* RealmViewController.xib */ = {isa = PBXFileReference; lastKnownFileType = file.xib; name = RealmViewController.xib; path = Classes/RealmViewController.xib; sourceTree = "<group>"; };
		EDCEC20F13E1F22100391C14 /* RealmViewControllerDelegate.h */ = {isa = PBXFileReference; fileEncoding = 4; lastKnownFileType = sourcecode.c.h; path = RealmViewControllerDelegate.h; sourceTree = "<group>"; };
		EDCEC21013E1F22100391C14 /* RealmViewControllerDelegate.m */ = {isa = PBXFileReference; fileEncoding = 4; lastKnownFileType = sourcecode.c.objc; path = RealmViewControllerDelegate.m; sourceTree = "<group>"; };
		EDCEC21413E1F25E00391C14 /* RealmViewControllerDataSource.h */ = {isa = PBXFileReference; fileEncoding = 4; lastKnownFileType = sourcecode.c.h; path = RealmViewControllerDataSource.h; sourceTree = "<group>"; };
		EDCEC21513E1F25E00391C14 /* RealmViewControllerDataSource.m */ = {isa = PBXFileReference; fileEncoding = 4; lastKnownFileType = sourcecode.c.objc; path = RealmViewControllerDataSource.m; sourceTree = "<group>"; };
/* End PBXFileReference section */

/* Begin PBXFrameworksBuildPhase section */
		1D60588F0D05DD3D006BFB54 /* Frameworks */ = {
			isa = PBXFrameworksBuildPhase;
			buildActionMask = 2147483647;
			files = (
				1D60589F0D05DD5A006BFB54 /* Foundation.framework in Frameworks */,
				1DF5F4E00D08C38300B7A737 /* UIKit.framework in Frameworks */,
				288765FD0DF74451002DB57D /* CoreGraphics.framework in Frameworks */,
			);
			runOnlyForDeploymentPostprocessing = 0;
		};
/* End PBXFrameworksBuildPhase section */

/* Begin PBXGroup section */
		080E96DDFE201D6D7F000001 /* Classes */ = {
			isa = PBXGroup;
			children = (
				1D3623240D0F684500981E51 /* WarcraftRealmStatusAppDelegate.h */,
				1D3623250D0F684500981E51 /* WarcraftRealmStatusAppDelegate.m */,
				EDCEC14E13E1A96300391C14 /* RealmViewController.h */,
				EDCEC14F13E1A96300391C14 /* RealmViewController.m */,
				EDCEC20F13E1F22100391C14 /* RealmViewControllerDelegate.h */,
				EDCEC21013E1F22100391C14 /* RealmViewControllerDelegate.m */,
				EDCEC21413E1F25E00391C14 /* RealmViewControllerDataSource.h */,
				EDCEC21513E1F25E00391C14 /* RealmViewControllerDataSource.m */,
			);
			path = Classes;
			sourceTree = "<group>";
		};
		19C28FACFE9D520D11CA2CBB /* Products */ = {
			isa = PBXGroup;
			children = (
				1D6058910D05DD3D006BFB54 /* WarcraftRealmStatus.app */,
			);
			name = Products;
			sourceTree = "<group>";
		};
		29B97314FDCFA39411CA2CEA /* CustomTemplate */ = {
			isa = PBXGroup;
			children = (
				080E96DDFE201D6D7F000001 /* Classes */,
				29B97315FDCFA39411CA2CEA /* Other Sources */,
				29B97317FDCFA39411CA2CEA /* Resources */,
				29B97323FDCFA39411CA2CEA /* Frameworks */,
				19C28FACFE9D520D11CA2CBB /* Products */,
			);
			name = CustomTemplate;
			sourceTree = "<group>";
		};
		29B97315FDCFA39411CA2CEA /* Other Sources */ = {
			isa = PBXGroup;
			children = (
				EDCEC13913E1A93700391C14 /* JSON */,
				32CA4F630368D1EE00C91783 /* WarcraftRealmStatus_Prefix.pch */,
				29B97316FDCFA39411CA2CEA /* main.m */,
			);
			name = "Other Sources";
			sourceTree = "<group>";
		};
		29B97317FDCFA39411CA2CEA /* Resources */ = {
			isa = PBXGroup;
			children = (
				EDCEC15013E1A96300391C14 /* RealmViewController.xib */,
				28AD733E0D9D9553002E5188 /* MainWindow.xib */,
				8D1107310486CEB800E47090 /* WarcraftRealmStatus-Info.plist */,
			);
			name = Resources;
			sourceTree = "<group>";
		};
		29B97323FDCFA39411CA2CEA /* Frameworks */ = {
			isa = PBXGroup;
			children = (
				1DF5F4DF0D08C38300B7A737 /* UIKit.framework */,
				1D30AB110D05D00D00671497 /* Foundation.framework */,
				288765FC0DF74451002DB57D /* CoreGraphics.framework */,
			);
			name = Frameworks;
			sourceTree = "<group>";
		};
		EDCEC13913E1A93700391C14 /* JSON */ = {
			isa = PBXGroup;
			children = (
				EDCEC13A13E1A93700391C14 /* JSON.h */,
				EDCEC13B13E1A93700391C14 /* NSObject+SBJSON.h */,
				EDCEC13C13E1A93700391C14 /* NSObject+SBJSON.m */,
				EDCEC13D13E1A93700391C14 /* NSString+SBJSON.h */,
				EDCEC13E13E1A93700391C14 /* NSString+SBJSON.m */,
				EDCEC13F13E1A93700391C14 /* SBJSON.h */,
				EDCEC14013E1A93700391C14 /* SBJSON.m */,
				EDCEC14113E1A93700391C14 /* SBJsonBase.h */,
				EDCEC14213E1A93700391C14 /* SBJsonBase.m */,
				EDCEC14313E1A93700391C14 /* SBJsonParser.h */,
				EDCEC14413E1A93700391C14 /* SBJsonParser.m */,
				EDCEC14513E1A93700391C14 /* SBJsonWriter.h */,
				EDCEC14613E1A93700391C14 /* SBJsonWriter.m */,
			);
			path = JSON;
			sourceTree = "<group>";
		};
/* End PBXGroup section */

/* Begin PBXNativeTarget section */
		1D6058900D05DD3D006BFB54 /* WarcraftRealmStatus */ = {
			isa = PBXNativeTarget;
			buildConfigurationList = 1D6058960D05DD3E006BFB54 /* Build configuration list for PBXNativeTarget "WarcraftRealmStatus" */;
			buildPhases = (
				1D60588D0D05DD3D006BFB54 /* Resources */,
				1D60588E0D05DD3D006BFB54 /* Sources */,
				1D60588F0D05DD3D006BFB54 /* Frameworks */,
			);
			buildRules = (
			);
			dependencies = (
			);
			name = WarcraftRealmStatus;
			productName = WarcraftRealmStatus;
			productReference = 1D6058910D05DD3D006BFB54 /* WarcraftRealmStatus.app */;
			productType = "com.apple.product-type.application";
		};
/* End PBXNativeTarget section */

/* Begin PBXProject section */
		29B97313FDCFA39411CA2CEA /* Project object */ = {
			isa = PBXProject;
			buildConfigurationList = C01FCF4E08A954540054247B /* Build configuration list for PBXProject "WarcraftRealmStatus" */;
			compatibilityVersion = "Xcode 3.2";
			developmentRegion = English;
			hasScannedForEncodings = 1;
			knownRegions = (
				English,
				Japanese,
				French,
				German,
			);
			mainGroup = 29B97314FDCFA39411CA2CEA /* CustomTemplate */;
			projectDirPath = "";
			projectRoot = "";
			targets = (
				1D6058900D05DD3D006BFB54 /* WarcraftRealmStatus */,
			);
		};
/* End PBXProject section */

/* Begin PBXResourcesBuildPhase section */
		1D60588D0D05DD3D006BFB54 /* Resources */ = {
			isa = PBXResourcesBuildPhase;
			buildActionMask = 2147483647;
			files = (
				28AD733F0D9D9553002E5188 /* MainWindow.xib in Resources */,
				EDCEC15213E1A96300391C14 /* RealmViewController.xib in Resources */,
			);
			runOnlyForDeploymentPostprocessing = 0;
		};
/* End PBXResourcesBuildPhase section */

/* Begin PBXSourcesBuildPhase section */
		1D60588E0D05DD3D006BFB54 /* Sources */ = {
			isa = PBXSourcesBuildPhase;
			buildActionMask = 2147483647;
			files = (
				1D60589B0D05DD56006BFB54 /* main.m in Sources */,
				1D3623260D0F684500981E51 /* WarcraftRealmStatusAppDelegate.m in Sources */,
				EDCEC14713E1A93700391C14 /* NSObject+SBJSON.m in Sources */,
				EDCEC14813E1A93700391C14 /* NSString+SBJSON.m in Sources */,
				EDCEC14913E1A93700391C14 /* SBJSON.m in Sources */,
				EDCEC14A13E1A93700391C14 /* SBJsonBase.m in Sources */,
				EDCEC14B13E1A93700391C14 /* SBJsonParser.m in Sources */,
				EDCEC14C13E1A93700391C14 /* SBJsonWriter.m in Sources */,
				EDCEC15113E1A96300391C14 /* RealmViewController.m in Sources */,
				EDCEC21113E1F22100391C14 /* RealmViewControllerDelegate.m in Sources */,
				EDCEC21613E1F25E00391C14 /* RealmViewControllerDataSource.m in Sources */,
			);
			runOnlyForDeploymentPostprocessing = 0;
		};
/* End PBXSourcesBuildPhase section */

/* Begin XCBuildConfiguration section */
		1D6058940D05DD3E006BFB54 /* Debug */ = {
			isa = XCBuildConfiguration;
			buildSettings = {
				ALWAYS_SEARCH_USER_PATHS = NO;
				COPY_PHASE_STRIP = NO;
				GCC_DYNAMIC_NO_PIC = NO;
				GCC_OPTIMIZATION_LEVEL = 0;
				GCC_PRECOMPILE_PREFIX_HEADER = YES;
				GCC_PREFIX_HEADER = WarcraftRealmStatus_Prefix.pch;
				INFOPLIST_FILE = "WarcraftRealmStatus-Info.plist";
				PRODUCT_NAME = WarcraftRealmStatus;
			};
			name = Debug;
		};
		1D6058950D05DD3E006BFB54 /* Release */ = {
			isa = XCBuildConfiguration;
			buildSettings = {
				ALWAYS_SEARCH_USER_PATHS = NO;
				COPY_PHASE_STRIP = YES;
				GCC_PRECOMPILE_PREFIX_HEADER = YES;
				GCC_PREFIX_HEADER = WarcraftRealmStatus_Prefix.pch;
				INFOPLIST_FILE = "WarcraftRealmStatus-Info.plist";
				PRODUCT_NAME = WarcraftRealmStatus;
				VALIDATE_PRODUCT = YES;
			};
			name = Release;
		};
		C01FCF4F08A954540054247B /* Debug */ = {
			isa = XCBuildConfiguration;
			buildSettings = {
				ARCHS = "$(ARCHS_STANDARD_32_BIT)";
				"CODE_SIGN_IDENTITY[sdk=iphoneos*]" = "iPhone Developer";
				GCC_C_LANGUAGE_STANDARD = c99;
				GCC_WARN_ABOUT_RETURN_TYPE = YES;
				GCC_WARN_UNUSED_VARIABLE = YES;
				PREBINDING = NO;
				SDKROOT = iphoneos;
			};
			name = Debug;
		};
		C01FCF5008A954540054247B /* Release */ = {
			isa = XCBuildConfiguration;
			buildSettings = {
				ARCHS = "$(ARCHS_STANDARD_32_BIT)";
				"CODE_SIGN_IDENTITY[sdk=iphoneos*]" = "iPhone Developer";
				GCC_C_LANGUAGE_STANDARD = c99;
				GCC_WARN_ABOUT_RETURN_TYPE = YES;
				GCC_WARN_UNUSED_VARIABLE = YES;
				OTHER_CFLAGS = "-DNS_BLOCK_ASSERTIONS=1";
				PREBINDING = NO;
				SDKROOT = iphoneos;
			};
			name = Release;
		};
/* End XCBuildConfiguration section */

/* Begin XCConfigurationList section */
		1D6058960D05DD3E006BFB54 /* Build configuration list for PBXNativeTarget "WarcraftRealmStatus" */ = {
			isa = XCConfigurationList;
			buildConfigurations = (
				1D6058940D05DD3E006BFB54 /* Debug */,
				1D6058950D05DD3E006BFB54 /* Release */,
			);
			defaultConfigurationIsVisible = 0;
			defaultConfigurationName = Release;
		};
		C01FCF4E08A954540054247B /* Build configuration list for PBXProject "WarcraftRealmStatus" */ = {
			isa = XCConfigurationList;
			buildConfigurations = (
				C01FCF4F08A954540054247B /* Debug */,
				C01FCF5008A954540054247B /* Release */,
			);
			defaultConfigurationIsVisible = 0;
			defaultConfigurationName = Release;
		};
/* End XCConfigurationList section */
	};
	rootObject = 29B97313FDCFA39411CA2CEA /* Project object */;
}
